{
  "name": "infinity-scroll",
  "version": "1.0.0",
  "lockfileVersion": 1,
  "requires": true,
  "dependencies": {
    "vue": {
      "version": "2.5.22",
      "resolved": "https://registry.npmjs.org/vue/-/vue-2.5.22.tgz",
      "integrity": "sha512-pxY3ZHlXNJMFQbkjEgGVMaMMkSV1ONpz+4qB55kZuJzyJOhn6MSy/YZdzhdnumegNzVTL/Dn3Pp4UrVBYt1j/g=="
    },
    "vue-avatar-editor": {
      "version": "1.0.4",
      "resolved": "https://registry.npmjs.org/vue-avatar-editor/-/vue-avatar-editor-1.0.4.tgz",
      "integrity": "sha1-vENc57HMatwiEDE+jVrtu1R1wZg=",
      "requires": {
        "vue": "2.5.22"
      }
    }
  }
}
